{
    "_readme": [
        "This file locks the dependencies of your project to a known state",
        "Read more about it at https://getcomposer.org/doc/01-basic-usage.md#installing-dependencies",
        "This file is @generated automatically"
    ],
    "content-hash": "28ab76adf2f5c57c83559a84084aff44",
    "packages": [],
    "packages-dev": [
        {
            "name": "giacocorsiglia/wordpress-stubs",
            "version": "v5.1.1",
            "source": {
                "type": "git",
                "url": "https://github.com/GiacoCorsiglia/wordpress-stubs.git",
                "reference": "1c6f011f5c241bab7293315d7fb7fca27fe79473"
            },
            "dist": {
                "type": "zip",
                "url": "https://api.github.com/repos/GiacoCorsiglia/wordpress-stubs/zipball/1c6f011f5c241bab7293315d7fb7fca27fe79473",
                "reference": "1c6f011f5c241bab7293315d7fb7fca27fe79473",
                "shasum": ""
            },
            "require-dev": {
                "ext-gettext": "*",
                "giacocorsiglia/stubs-generator": "^0.5.0",
                "johnpbloch/wordpress": "5.1.1",
                "php": "^7.1"
            },
            "type": "library",
            "notification-url": "https://packagist.org/downloads/",
            "license": [
                "GPL-2.0+"
            ],
            "authors": [
                {
                    "name": "Giaco Corsiglia",
                    "email": "GiacoCorsiglia@gmail.com"
                }
            ],
            "description": "WordPress function, class, and global variable declaration stubs for easier static analysis.",
            "homepage": "https://github.com/GiacoCorsiglia/wordpress-stubs",
            "keywords": [
                "static analysis",
                "wordpress"
            ],
            "support": {
                "issues": "https://github.com/GiacoCorsiglia/wordpress-stubs/issues",
                "source": "https://github.com/GiacoCorsiglia/wordpress-stubs/tree/master"
            },
            "time": "2019-03-13T21:16:05+00:00"
        }
    ],
    "aliases": [],
    "minimum-stability": "dev",
    "stability-flags": [],
    "prefer-stable": false,
    "prefer-lowest": false,
    "platform": [],
    "platform-dev": [],
    "plugin-api-version": "2.0.0"
}
